// !$*UTF8*$!
{
	archiveVersion = 1;
	classes = {
	};
	objectVersion = 48;
	objects = {

/* Begin PBXBuildFile section */
		D571A7791FCA3BB900F6AF59 /* AppDelegate.swift in Sources */ = {isa = PBXBuildFile; fileRef = D571A7781FCA3BB900F6AF59 /* AppDelegate.swift */; };
		D571A77B1FCA3BB900F6AF59 /* ViewController.swift in Sources */ = {isa = PBXBuildFile; fileRef = D571A77A1FCA3BB900F6AF59 /* ViewController.swift */; };
		D571A77E1FCA3BB900F6AF59 /* Main.storyboard in Resources */ = {isa = PBXBuildFile; fileRef = D571A77C1FCA3BB900F6AF59 /* Main.storyboard */; };
		D571A7811FCA3BB900F6AF59 /* Sound_Board.xcdatamodeld in Sources */ = {isa = PBXBuildFile; fileRef = D571A77F1FCA3BB900F6AF59 /* Sound_Board.xcdatamodeld */; };
		D571A7831FCA3BB900F6AF59 /* Assets.xcassets in Resources */ = {isa = PBXBuildFile; fileRef = D571A7821FCA3BB900F6AF59 /* Assets.xcassets */; };
		D571A7861FCA3BB900F6AF59 /* LaunchScreen.storyboard in Resources */ = {isa = PBXBuildFile; fileRef = D571A7841FCA3BB900F6AF59 /* LaunchScreen.storyboard */; };
/* End PBXBuildFile section */

/* Begin PBXFileReference section */
		D571A7751FCA3BB900F6AF59 /* Sound Board.app */ = {isa = PBXFileReference; explicitFileType = wrapper.application; includeInIndex = 0; path = "Sound Board.app"; sourceTree = BUILT_PRODUCTS_DIR; };
		D571A7781FCA3BB900F6AF59 /* AppDelegate.swift */ = {isa = PBXFileReference; lastKnownFileType = sourcecode.swift; path = AppDelegate.swift; sourceTree = "<group>"; };
		D571A77A1FCA3BB900F6AF59 /* ViewController.swift */ = {isa = PBXFileReference; lastKnownFileType = sourcecode.swift; path = ViewController.swift; sourceTree = "<group>"; };
		D571A77D1FCA3BB900F6AF59 /* Base */ = {isa = PBXFileReference; lastKnownFileType = file.storyboard; name = Base; path = Base.lproj/Main.storyboard; sourceTree = "<group>"; };
		D571A7801FCA3BB900F6AF59 /* Sound_Board.xcdatamodel */ = {isa = PBXFileReference; lastKnownFileType = wrapper.xcdatamodel; path = Sound_Board.xcdatamodel; sourceTree = "<group>"; };
		D571A7821FCA3BB900F6AF59 /* Assets.xcassets */ = {isa = PBXFileReference; lastKnownFileType = folder.assetcatalog; path = Assets.xcassets; sourceTree = "<group>"; };
		D571A7851FCA3BB900F6AF59 /* Base */ = {isa = PBXFileReference; lastKnownFileType = file.storyboard; name = Base; path = Base.lproj/LaunchScreen.storyboard; sourceTree = "<group>"; };
		D571A7871FCA3BB900F6AF59 /* Info.plist */ = {isa = PBXFileReference; lastKnownFileType = text.plist.xml; path = Info.plist; sourceTree = "<group>"; };
/* End PBXFileReference section */

/* Begin PBXFrameworksBuildPhase section */
		D571A7721FCA3BB900F6AF59 /* Frameworks */ = {
			isa = PBXFrameworksBuildPhase;
			buildActionMask = 2147483647;
			files = (
			);
			runOnlyForDeploymentPostprocessing = 0;
		};
/* End PBXFrameworksBuildPhase section */

/* Begin PBXGroup section */
		D571A76C1FCA3BB900F6AF59 = {
			isa = PBXGroup;
			children = (
				D571A7771FCA3BB900F6AF59 /* Sound Board */,
				D571A7761FCA3BB900F6AF59 /* Products */,
			);
			sourceTree = "<group>";
		};
		D571A7761FCA3BB900F6AF59 /* Products */ = {
			isa = PBXGroup;
			children = (
				D571A7751FCA3BB900F6AF59 /* Sound Board.app */,
			);
			name = Products;
			sourceTree = "<group>";
		};
		D571A7771FCA3BB900F6AF59 /* Sound Board */ = {
			isa = PBXGroup;
			children = (
				D571A7781FCA3BB900F6AF59 /* AppDelegate.swift */,
				D571A77A1FCA3BB900F6AF59 /* ViewController.swift */,
				D571A77C1FCA3BB900F6AF59 /* Main.storyboard */,
				D571A7821FCA3BB900F6AF59 /* Assets.xcassets */,
				D571A7841FCA3BB900F6AF59 /* LaunchScreen.storyboard */,
				D571A7871FCA3BB900F6AF59 /* Info.plist */,
				D571A77F1FCA3BB900F6AF59 /* Sound_Board.xcdatamodeld */,
			);
			path = "Sound Board";
			sourceTree = "<group>";
		};
/* End PBXGroup section */

/* Begin PBXNativeTarget section */
		D571A7741FCA3BB900F6AF59 /* Sound Board */ = {
			isa = PBXNativeTarget;
			buildConfigurationList = D571A78A1FCA3BB900F6AF59 /* Build configuration list for PBXNativeTarget "Sound Board" */;
			buildPhases = (
				D571A7711FCA3BB900F6AF59 /* Sources */,
				D571A7721FCA3BB900F6AF59 /* Frameworks */,
				D571A7731FCA3BB900F6AF59 /* Resources */,
			);
			buildRules = (
			);
			dependencies = (
			);
			name = "Sound Board";
			productName = "Sound Board";
			productReference = D571A7751FCA3BB900F6AF59 /* Sound Board.app */;
			productType = "com.apple.product-type.application";
		};
/* End PBXNativeTarget section */

/* Begin PBXProject section */
		D571A76D1FCA3BB900F6AF59 /* Project object */ = {
			isa = PBXProject;
			attributes = {
				LastSwiftUpdateCheck = 0920;
				LastUpgradeCheck = 0920;
				ORGANIZATIONNAME = "Rathod, Kinjal";
				TargetAttributes = {
					D571A7741FCA3BB900F6AF59 = {
						CreatedOnToolsVersion = 9.2;
						ProvisioningStyle = Automatic;
					};
				};
			};
			buildConfigurationList = D571A7701FCA3BB900F6AF59 /* Build configuration list for PBXProject "Sound Board" */;
			compatibilityVersion = "Xcode 8.0";
			developmentRegion = en;
			hasScannedForEncodings = 0;
			knownRegions = (
				en,
				Base,
			);
			mainGroup = D571A76C1FCA3BB900F6AF59;
			productRefGroup = D571A7761FCA3BB900F6AF59 /* Products */;
			projectDirPath = "";
			projectRoot = "";
			targets = (
				D571A7741FCA3BB900F6AF59 /* Sound Board */,
			);
		};
/* End PBXProject section */

/* Begin PBXResourcesBuildPhase section */
		D571A7731FCA3BB900F6AF59 /* Resources */ = {
			isa = PBXResourcesBuildPhase;
			buildActionMask = 2147483647;
			files = (
				D571A7861FCA3BB900F6AF59 /* LaunchScreen.storyboard in Resources */,
				D571A7831FCA3BB900F6AF59 /* Assets.xcassets in Resources */,
				D571A77E1FCA3BB900F6AF59 /* Main.storyboard in Resources */,
			);
			runOnlyForDeploymentPostprocessing = 0;
		};
/* End PBXResourcesBuildPhase section */

/* Begin PBXSourcesBuildPhase section */
		D571A7711FCA3BB900F6AF59 /* Sources */ = {
			isa = PBXSourcesBuildPhase;
			buildActionMask = 2147483647;
			files = (
				D571A7811FCA3BB900F6AF59 /* Sound_Board.xcdatamodeld in Sources */,
				D571A77B1FCA3BB900F6AF59 /* ViewController.swift in Sources */,
				D571A7791FCA3BB900F6AF59 /* AppDelegate.swift in Sources */,
			);
			runOnlyForDeploymentPostprocessing = 0;
		};
/* End PBXSourcesBuildPhase section */

/* Begin PBXVariantGroup section */
		D571A77C1FCA3BB900F6AF59 /* Main.storyboard */ = {
			isa = PBXVariantGroup;
			children = (
				D571A77D1FCA3BB900F6AF59 /* Base */,
			);
			name = Main.storyboard;
			sourceTree = "<group>";
		};
		D571A7841FCA3BB900F6AF59 /* LaunchScreen.storyboard */ = {
			isa = PBXVariantGroup;
			children = (
				D571A7851FCA3BB900F6AF59 /* Base */,
			);
			name = LaunchScreen.storyboard;
			sourceTree = "<group>";
		};
/* End PBXVariantGroup section */

/* Begin XCBuildConfiguration section */
		D571A7881FCA3BB900F6AF59 /* Debug */ = {
			isa = XCBuildConfiguration;
			buildSettings = {
				ALWAYS_SEARCH_USER_PATHS = NO;
				CLANG_ANALYZER_NONNULL = YES;
				CLANG_ANALYZER_NUMBER_OBJECT_CONVERSION = YES_AGGRESSIVE;
				CLANG_CXX_LANGUAGE_STANDARD = "gnu++14";
				CLANG_CXX_LIBRARY = "libc++";
				CLANG_ENABLE_MODULES = YES;
				CLANG_ENABLE_OBJC_ARC = YES;
				CLANG_WARN_BLOCK_CAPTURE_AUTORELEASING = YES;
				CLANG_WARN_BOOL_CONVERSION = YES;
				CLANG_WARN_COMMA = YES;
				CLANG_WARN_CONSTANT_CONVERSION = YES;
				CLANG_WARN_DIRECT_OBJC_ISA_USAGE = YES_ERROR;
				CLANG_WARN_DOCUMENTATION_COMMENTS = YES;
				CLANG_WARN_EMPTY_BODY = YES;
				CLANG_WARN_ENUM_CONVERSION = YES;
				CLANG_WARN_INFINITE_RECURSION = YES;
				CLANG_WARN_INT_CONVERSION = YES;
				CLANG_WARN_NON_LITERAL_NULL_CONVERSION = YES;
				CLANG_WARN_OBJC_LITERAL_CONVERSION = YES;
				CLANG_WARN_OBJC_ROOT_CLASS = YES_ERROR;
				CLANG_WARN_RANGE_LOOP_ANALYSIS = YES;
				CLANG_WARN_STRICT_PROTOTYPES = YES;
				CLANG_WARN_SUSPICIOUS_MOVE = YES;
				CLANG_WARN_UNGUARDED_AVAILABILITY = YES_AGGRESSIVE;
				CLANG_WARN_UNREACHABLE_CODE = YES;
				CLANG_WARN__DUPLICATE_METHOD_MATCH = YES;
				CODE_SIGN_IDENTITY = "iPhone Developer";
				COPY_PHASE_STRIP = NO;
				DEBUG_INFORMATION_FORMAT = dwarf;
				ENABLE_STRICT_OBJC_MSGSEND = YES;
				ENABLE_TESTABILITY = YES;
				GCC_C_LANGUAGE_STANDARD = gnu11;
				GCC_DYNAMIC_NO_PIC = NO;
				GCC_NO_COMMON_BLOCKS = YES;
				GCC_OPTIMIZATION_LEVEL = 0;
				GCC_PREPROCESSOR_DEFINITIONS = (
					"DEBUG=1",
					"$(inherited)",
				);
				GCC_WARN_64_TO_32_BIT_CONVERSION = YES;
				GCC_WARN_ABOUT_RETURN_TYPE = YES_ERROR;
				GCC_WARN_UNDECLARED_SELECTOR = YES;
				GCC_WARN_UNINITIALIZED_AUTOS = YES_AGGRESSIVE;
				GCC_WARN_UNUSED_FUNCTION = YES;
				GCC_WARN_UNUSED_VARIABLE = YES;
				IPHONEOS_DEPLOYMENT_TARGET = 11.2;
				MTL_ENABLE_DEBUG_INFO = YES;
				ONLY_ACTIVE_ARCH = YES;
				SDKROOT = iphoneos;
				SWIFT_ACTIVE_COMPILATION_CONDITIONS = DEBUG;
				SWIFT_OPTIMIZATION_LEVEL = "-Onone";
			};
			name = Debug;
		};
		D571A7891FCA3BB900F6AF59 /* Release */ = {
			isa = XCBuildConfiguration;
			buildSettings = {
				ALWAYS_SEARCH_USER_PATHS = NO;
				CLANG_ANALYZER_NONNULL = YES;
				CLANG_ANALYZER_NUMBER_OBJECT_CONVERSION = YES_AGGRESSIVE;
				CLANG_CXX_LANGUAGE_STANDARD = "gnu++14";
				CLANG_CXX_LIBRARY = "libc++";
				CLANG_ENABLE_MODULES = YES;
				CLANG_ENABLE_OBJC_ARC = YES;
				CLANG_WARN_BLOCK_CAPTURE_AUTORELEASING = YES;
				CLANG_WARN_BOOL_CONVERSION = YES;
				CLANG_WARN_COMMA = YES;
				CLANG_WARN_CONSTANT_CONVERSION = YES;
				CLANG_WARN_DIRECT_OBJC_ISA_USAGE = YES_ERROR;
				CLANG_WARN_DOCUMENTATION_COMMENTS = YES;
				CLANG_WARN_EMPTY_BODY = YES;
				CLANG_WARN_ENUM_CONVERSION = YES;
				CLANG_WARN_INFINITE_RECURSION = YES;
				CLANG_WARN_INT_CONVERSION = YES;
				CLANG_WARN_NON_LITERAL_NULL_CONVERSION = YES;
				CLANG_WARN_OBJC_LITERAL_CONVERSION = YES;
				CLANG_WARN_OBJC_ROOT_CLASS = YES_ERROR;
				CLANG_WARN_RANGE_LOOP_ANALYSIS = YES;
				CLANG_WARN_STRICT_PROTOTYPES = YES;
				CLANG_WARN_SUSPICIOUS_MOVE = YES;
				CLANG_WARN_UNGUARDED_AVAILABILITY = YES_AGGRESSIVE;
				CLANG_WARN_UNREACHABLE_CODE = YES;
				CLANG_WARN__DUPLICATE_METHOD_MATCH = YES;
				CODE_SIGN_IDENTITY = "iPhone Developer";
				COPY_PHASE_STRIP = NO;
				DEBUG_INFORMATION_FORMAT = "dwarf-with-dsym";
				ENABLE_NS_ASSERTIONS = NO;
				ENABLE_STRICT_OBJC_MSGSEND = YES;
				GCC_C_LANGUAGE_STANDARD = gnu11;
				GCC_NO_COMMON_BLOCKS = YES;
				GCC_WARN_64_TO_32_BIT_CONVERSION = YES;
				GCC_WARN_ABOUT_RETURN_TYPE = YES_ERROR;
				GCC_WARN_UNDECLARED_SELECTOR = YES;
				GCC_WARN_UNINITIALIZED_AUTOS = YES_AGGRESSIVE;
				GCC_WARN_UNUSED_FUNCTION = YES;
				GCC_WARN_UNUSED_VARIABLE = YES;
				IPHONEOS_DEPLOYMENT_TARGET = 11.2;
				MTL_ENABLE_DEBUG_INFO = NO;
				SDKROOT = iphoneos;
				SWIFT_OPTIMIZATION_LEVEL = "-Owholemodule";
				VALIDATE_PRODUCT = YES;
			};
			name = Release;
		};
		D571A78B1FCA3BB900F6AF59 /* Debug */ = {
			isa = XCBuildConfiguration;
			buildSettings = {
				ASSETCATALOG_COMPILER_APPICON_NAME = AppIcon;
				CODE_SIGN_STYLE = Automatic;
				DEVELOPMENT_TEAM = 9GWK5A7J79;
				INFOPLIST_FILE = "Sound Board/Info.plist";
				LD_RUNPATH_SEARCH_PATHS = "$(inherited) @executable_path/Frameworks";
				PRODUCT_BUNDLE_IDENTIFIER = "krathod.Sound-Board";
				PRODUCT_NAME = "$(TARGET_NAME)";
				SWIFT_VERSION = 4.0;
				TARGETED_DEVICE_FAMILY = "1,2";
			};
			name = Debug;
		};
		D571A78C1FCA3BB900F6AF59 /* Release */ = {
			isa = XCBuildConfiguration;
			buildSettings = {
				ASSETCATALOG_COMPILER_APPICON_NAME = AppIcon;
				CODE_SIGN_STYLE = Automatic;
				DEVELOPMENT_TEAM = 9GWK5A7J79;
				INFOPLIST_FILE = "Sound Board/Info.plist";
				LD_RUNPATH_SEARCH_PATHS = "$(inherited) @executable_path/Frameworks";
				PRODUCT_BUNDLE_IDENTIFIER = "krathod.Sound-Board";
				PRODUCT_NAME = "$(TARGET_NAME)";
				SWIFT_VERSION = 4.0;
				TARGETED_DEVICE_FAMILY = "1,2";
			};
			name = Release;
		};
/* End XCBuildConfiguration section */

/* Begin XCConfigurationList section */
		D571A7701FCA3BB900F6AF59 /* Build configuration list for PBXProject "Sound Board" */ = {
			isa = XCConfigurationList;
			buildConfigurations = (
				D571A7881FCA3BB900F6AF59 /* Debug */,
				D571A7891FCA3BB900F6AF59 /* Release */,
			);
			defaultConfigurationIsVisible = 0;
			defaultConfigurationName = Release;
		};
		D571A78A1FCA3BB900F6AF59 /* Build configuration list for PBXNativeTarget "Sound Board" */ = {
			isa = XCConfigurationList;
			buildConfigurations = (
				D571A78B1FCA3BB900F6AF59 /* Debug */,
				D571A78C1FCA3BB900F6AF59 /* Release */,
			);
			defaultConfigurationIsVisible = 0;
			defaultConfigurationName = Release;
		};
/* End XCConfigurationList section */

/* Begin XCVersionGroup section */
		D571A77F1FCA3BB900F6AF59 /* Sound_Board.xcdatamodeld */ = {
			isa = XCVersionGroup;
			children = (
				D571A7801FCA3BB900F6AF59 /* Sound_Board.xcdatamodel */,
			);
			currentVersion = D571A7801FCA3BB900F6AF59 /* Sound_Board.xcdatamodel */;
			path = Sound_Board.xcdatamodeld;
			sourceTree = "<group>";
			versionGroupType = wrapper.xcdatamodel;
		};
/* End XCVersionGroup section */
	};
	rootObject = D571A76D1FCA3BB900F6AF59 /* Project object */;
}
